// !$*UTF8*$!
{
	archiveVersion = 1;
	classes = {
	};
	objectVersion = 50;
	objects = {

/* Begin PBXBuildFile section */
		1142184424B45C8500AE2483 /* PhotoViewController.swift in Sources */ = {isa = PBXBuildFile; fileRef = 1142184324B45C8400AE2483 /* PhotoViewController.swift */; };
		1142184624B46BC200AE2483 /* CameraViewController.swift in Sources */ = {isa = PBXBuildFile; fileRef = 1142184524B46BC200AE2483 /* CameraViewController.swift */; };
		1185C7E424B0B7F0006EF203 /* AppDelegate.swift in Sources */ = {isa = PBXBuildFile; fileRef = 1185C7E324B0B7F0006EF203 /* AppDelegate.swift */; };
		1185C7E824B0B7F0006EF203 /* ViewController.swift in Sources */ = {isa = PBXBuildFile; fileRef = 1185C7E724B0B7F0006EF203 /* ViewController.swift */; };
		1185C7EB24B0B7F0006EF203 /* Main.storyboard in Resources */ = {isa = PBXBuildFile; fileRef = 1185C7E924B0B7F0006EF203 /* Main.storyboard */; };
		1185C7ED24B0B7F1006EF203 /* Assets.xcassets in Resources */ = {isa = PBXBuildFile; fileRef = 1185C7EC24B0B7F1006EF203 /* Assets.xcassets */; };
		1185C7F024B0B7F1006EF203 /* LaunchScreen.storyboard in Resources */ = {isa = PBXBuildFile; fileRef = 1185C7EE24B0B7F1006EF203 /* LaunchScreen.storyboard */; };
		1185C7F924B17EBB006EF203 /* Permissions.swift in Sources */ = {isa = PBXBuildFile; fileRef = 1185C7F824B17EBB006EF203 /* Permissions.swift */; };
/* End PBXBuildFile section */

/* Begin PBXFileReference section */
		1142184324B45C8400AE2483 /* PhotoViewController.swift */ = {isa = PBXFileReference; lastKnownFileType = sourcecode.swift; path = PhotoViewController.swift; sourceTree = "<group>"; };
		1142184524B46BC200AE2483 /* CameraViewController.swift */ = {isa = PBXFileReference; lastKnownFileType = sourcecode.swift; path = CameraViewController.swift; sourceTree = "<group>"; };
		1185C7E024B0B7F0006EF203 /* PermissionsSwift.app */ = {isa = PBXFileReference; explicitFileType = wrapper.application; includeInIndex = 0; path = PermissionsSwift.app; sourceTree = BUILT_PRODUCTS_DIR; };
		1185C7E324B0B7F0006EF203 /* AppDelegate.swift */ = {isa = PBXFileReference; lastKnownFileType = sourcecode.swift; path = AppDelegate.swift; sourceTree = "<group>"; };
		1185C7E724B0B7F0006EF203 /* ViewController.swift */ = {isa = PBXFileReference; lastKnownFileType = sourcecode.swift; path = ViewController.swift; sourceTree = "<group>"; };
		1185C7EA24B0B7F0006EF203 /* Base */ = {isa = PBXFileReference; lastKnownFileType = file.storyboard; name = Base; path = Base.lproj/Main.storyboard; sourceTree = "<group>"; };
		1185C7EC24B0B7F1006EF203 /* Assets.xcassets */ = {isa = PBXFileReference; lastKnownFileType = folder.assetcatalog; path = Assets.xcassets; sourceTree = "<group>"; };
		1185C7EF24B0B7F1006EF203 /* Base */ = {isa = PBXFileReference; lastKnownFileType = file.storyboard; name = Base; path = Base.lproj/LaunchScreen.storyboard; sourceTree = "<group>"; };
		1185C7F124B0B7F1006EF203 /* Info.plist */ = {isa = PBXFileReference; lastKnownFileType = text.plist.xml; path = Info.plist; sourceTree = "<group>"; };
		1185C7F824B17EBB006EF203 /* Permissions.swift */ = {isa = PBXFileReference; lastKnownFileType = sourcecode.swift; path = Permissions.swift; sourceTree = "<group>"; };
/* End PBXFileReference section */

/* Begin PBXFrameworksBuildPhase section */
		1185C7DD24B0B7F0006EF203 /* Frameworks */ = {
			isa = PBXFrameworksBuildPhase;
			buildActionMask = 2147483647;
			files = (
			);
			runOnlyForDeploymentPostprocessing = 0;
		};
/* End PBXFrameworksBuildPhase section */

/* Begin PBXGroup section */
		1142184224B45C5600AE2483 /* ViewController */ = {
			isa = PBXGroup;
			children = (
				1142184324B45C8400AE2483 /* PhotoViewController.swift */,
				1142184524B46BC200AE2483 /* CameraViewController.swift */,
			);
			path = ViewController;
			sourceTree = "<group>";
		};
		1185C7D724B0B7F0006EF203 = {
			isa = PBXGroup;
			children = (
				1185C7E224B0B7F0006EF203 /* PermissionsSwift */,
				1185C7E124B0B7F0006EF203 /* Products */,
			);
			sourceTree = "<group>";
		};
		1185C7E124B0B7F0006EF203 /* Products */ = {
			isa = PBXGroup;
			children = (
				1185C7E024B0B7F0006EF203 /* PermissionsSwift.app */,
			);
			name = Products;
			sourceTree = "<group>";
		};
		1185C7E224B0B7F0006EF203 /* PermissionsSwift */ = {
			isa = PBXGroup;
			children = (
				1185C7F724B0B8DE006EF203 /* CJPermissions */,
				1142184224B45C5600AE2483 /* ViewController */,
				1185C7E324B0B7F0006EF203 /* AppDelegate.swift */,
				1185C7E724B0B7F0006EF203 /* ViewController.swift */,
				1185C7E924B0B7F0006EF203 /* Main.storyboard */,
				1185C7EC24B0B7F1006EF203 /* Assets.xcassets */,
				1185C7EE24B0B7F1006EF203 /* LaunchScreen.storyboard */,
				1185C7F124B0B7F1006EF203 /* Info.plist */,
			);
			path = PermissionsSwift;
			sourceTree = "<group>";
		};
		1185C7F724B0B8DE006EF203 /* CJPermissions */ = {
			isa = PBXGroup;
			children = (
				1185C7F824B17EBB006EF203 /* Permissions.swift */,
			);
			path = CJPermissions;
			sourceTree = SOURCE_ROOT;
		};
/* End PBXGroup section */

/* Begin PBXNativeTarget section */
		1185C7DF24B0B7F0006EF203 /* PermissionsSwift */ = {
			isa = PBXNativeTarget;
			buildConfigurationList = 1185C7F424B0B7F1006EF203 /* Build configuration list for PBXNativeTarget "PermissionsSwift" */;
			buildPhases = (
				1185C7DC24B0B7F0006EF203 /* Sources */,
				1185C7DD24B0B7F0006EF203 /* Frameworks */,
				1185C7DE24B0B7F0006EF203 /* Resources */,
			);
			buildRules = (
			);
			dependencies = (
			);
			name = PermissionsSwift;
			productName = PermissionsSwift;
			productReference = 1185C7E024B0B7F0006EF203 /* PermissionsSwift.app */;
			productType = "com.apple.product-type.application";
		};
/* End PBXNativeTarget section */

/* Begin PBXProject section */
		1185C7D824B0B7F0006EF203 /* Project object */ = {
			isa = PBXProject;
			attributes = {
				LastSwiftUpdateCheck = 1150;
				LastUpgradeCheck = 1150;
				ORGANIZATIONNAME = "hyd-cjx";
				TargetAttributes = {
					1185C7DF24B0B7F0006EF203 = {
						CreatedOnToolsVersion = 11.5;
					};
				};
			};
			buildConfigurationList = 1185C7DB24B0B7F0006EF203 /* Build configuration list for PBXProject "PermissionsSwift" */;
			compatibilityVersion = "Xcode 9.3";
			developmentRegion = en;
			hasScannedForEncodings = 0;
			knownRegions = (
				en,
				Base,
			);
			mainGroup = 1185C7D724B0B7F0006EF203;
			productRefGroup = 1185C7E124B0B7F0006EF203 /* Products */;
			projectDirPath = "";
			projectRoot = "";
			targets = (
				1185C7DF24B0B7F0006EF203 /* PermissionsSwift */,
			);
		};
/* End PBXProject section */

/* Begin PBXResourcesBuildPhase section */
		1185C7DE24B0B7F0006EF203 /* Resources */ = {
			isa = PBXResourcesBuildPhase;
			buildActionMask = 2147483647;
			files = (
				1185C7F024B0B7F1006EF203 /* LaunchScreen.storyboard in Resources */,
				1185C7ED24B0B7F1006EF203 /* Assets.xcassets in Resources */,
				1185C7EB24B0B7F0006EF203 /* Main.storyboard in Resources */,
			);
			runOnlyForDeploymentPostprocessing = 0;
		};
/* End PBXResourcesBuildPhase section */

/* Begin PBXSourcesBuildPhase section */
		1185C7DC24B0B7F0006EF203 /* Sources */ = {
			isa = PBXSourcesBuildPhase;
			buildActionMask = 2147483647;
			files = (
				1185C7E824B0B7F0006EF203 /* ViewController.swift in Sources */,
				1142184624B46BC200AE2483 /* CameraViewController.swift in Sources */,
				1142184424B45C8500AE2483 /* PhotoViewController.swift in Sources */,
				1185C7F924B17EBB006EF203 /* Permissions.swift in Sources */,
				1185C7E424B0B7F0006EF203 /* AppDelegate.swift in Sources */,
			);
			runOnlyForDeploymentPostprocessing = 0;
		};
/* End PBXSourcesBuildPhase section */

/* Begin PBXVariantGroup section */
		1185C7E924B0B7F0006EF203 /* Main.storyboard */ = {
			isa = PBXVariantGroup;
			children = (
				1185C7EA24B0B7F0006EF203 /* Base */,
			);
			name = Main.storyboard;
			sourceTree = "<group>";
		};
		1185C7EE24B0B7F1006EF203 /* LaunchScreen.storyboard */ = {
			isa = PBXVariantGroup;
			children = (
				1185C7EF24B0B7F1006EF203 /* Base */,
			);
			name = LaunchScreen.storyboard;
			sourceTree = "<group>";
		};
/* End PBXVariantGroup section */

/* Begin XCBuildConfiguration section */
		1185C7F224B0B7F1006EF203 /* Debug */ = {
			isa = XCBuildConfiguration;
			buildSettings = {
				ALWAYS_SEARCH_USER_PATHS = NO;
				CLANG_ANALYZER_NONNULL = YES;
				CLANG_ANALYZER_NUMBER_OBJECT_CONVERSION = YES_AGGRESSIVE;
				CLANG_CXX_LANGUAGE_STANDARD = "gnu++14";
				CLANG_CXX_LIBRARY = "libc++";
				CLANG_ENABLE_MODULES = YES;
				CLANG_ENABLE_OBJC_ARC = YES;
				CLANG_ENABLE_OBJC_WEAK = YES;
				CLANG_WARN_BLOCK_CAPTURE_AUTORELEASING = YES;
				CLANG_WARN_BOOL_CONVERSION = YES;
				CLANG_WARN_COMMA = YES;
				CLANG_WARN_CONSTANT_CONVERSION = YES;
				CLANG_WARN_DEPRECATED_OBJC_IMPLEMENTATIONS = YES;
				CLANG_WARN_DIRECT_OBJC_ISA_USAGE = YES_ERROR;
				CLANG_WARN_DOCUMENTATION_COMMENTS = YES;
				CLANG_WARN_EMPTY_BODY = YES;
				CLANG_WARN_ENUM_CONVERSION = YES;
				CLANG_WARN_INFINITE_RECURSION = YES;
				CLANG_WARN_INT_CONVERSION = YES;
				CLANG_WARN_NON_LITERAL_NULL_CONVERSION = YES;
				CLANG_WARN_OBJC_IMPLICIT_RETAIN_SELF = YES;
				CLANG_WARN_OBJC_LITERAL_CONVERSION = YES;
				CLANG_WARN_OBJC_ROOT_CLASS = YES_ERROR;
				CLANG_WARN_RANGE_LOOP_ANALYSIS = YES;
				CLANG_WARN_STRICT_PROTOTYPES = YES;
				CLANG_WARN_SUSPICIOUS_MOVE = YES;
				CLANG_WARN_UNGUARDED_AVAILABILITY = YES_AGGRESSIVE;
				CLANG_WARN_UNREACHABLE_CODE = YES;
				CLANG_WARN__DUPLICATE_METHOD_MATCH = YES;
				COPY_PHASE_STRIP = NO;
				DEBUG_INFORMATION_FORMAT = dwarf;
				ENABLE_STRICT_OBJC_MSGSEND = YES;
				ENABLE_TESTABILITY = YES;
				GCC_C_LANGUAGE_STANDARD = gnu11;
				GCC_DYNAMIC_NO_PIC = NO;
				GCC_NO_COMMON_BLOCKS = YES;
				GCC_OPTIMIZATION_LEVEL = 0;
				GCC_PREPROCESSOR_DEFINITIONS = (
					"DEBUG=1",
					"$(inherited)",
				);
				GCC_WARN_64_TO_32_BIT_CONVERSION = YES;
				GCC_WARN_ABOUT_RETURN_TYPE = YES_ERROR;
				GCC_WARN_UNDECLARED_SELECTOR = YES;
				GCC_WARN_UNINITIALIZED_AUTOS = YES_AGGRESSIVE;
				GCC_WARN_UNUSED_FUNCTION = YES;
				GCC_WARN_UNUSED_VARIABLE = YES;
				IPHONEOS_DEPLOYMENT_TARGET = 13.5;
				MTL_ENABLE_DEBUG_INFO = INCLUDE_SOURCE;
				MTL_FAST_MATH = YES;
				ONLY_ACTIVE_ARCH = YES;
				SDKROOT = iphoneos;
				SWIFT_ACTIVE_COMPILATION_CONDITIONS = DEBUG;
				SWIFT_OPTIMIZATION_LEVEL = "-Onone";
			};
			name = Debug;
		};
		1185C7F324B0B7F1006EF203 /* Release */ = {
			isa = XCBuildConfiguration;
			buildSettings = {
				ALWAYS_SEARCH_USER_PATHS = NO;
				CLANG_ANALYZER_NONNULL = YES;
				CLANG_ANALYZER_NUMBER_OBJECT_CONVERSION = YES_AGGRESSIVE;
				CLANG_CXX_LANGUAGE_STANDARD = "gnu++14";
				CLANG_CXX_LIBRARY = "libc++";
				CLANG_ENABLE_MODULES = YES;
				CLANG_ENABLE_OBJC_ARC = YES;
				CLANG_ENABLE_OBJC_WEAK = YES;
				CLANG_WARN_BLOCK_CAPTURE_AUTORELEASING = YES;
				CLANG_WARN_BOOL_CONVERSION = YES;
				CLANG_WARN_COMMA = YES;
				CLANG_WARN_CONSTANT_CONVERSION = YES;
				CLANG_WARN_DEPRECATED_OBJC_IMPLEMENTATIONS = YES;
				CLANG_WARN_DIRECT_OBJC_ISA_USAGE = YES_ERROR;
				CLANG_WARN_DOCUMENTATION_COMMENTS = YES;
				CLANG_WARN_EMPTY_BODY = YES;
				CLANG_WARN_ENUM_CONVERSION = YES;
				CLANG_WARN_INFINITE_RECURSION = YES;
				CLANG_WARN_INT_CONVERSION = YES;
				CLANG_WARN_NON_LITERAL_NULL_CONVERSION = YES;
				CLANG_WARN_OBJC_IMPLICIT_RETAIN_SELF = YES;
				CLANG_WARN_OBJC_LITERAL_CONVERSION = YES;
				CLANG_WARN_OBJC_ROOT_CLASS = YES_ERROR;
				CLANG_WARN_RANGE_LOOP_ANALYSIS = YES;
				CLANG_WARN_STRICT_PROTOTYPES = YES;
				CLANG_WARN_SUSPICIOUS_MOVE = YES;
				CLANG_WARN_UNGUARDED_AVAILABILITY = YES_AGGRESSIVE;
				CLANG_WARN_UNREACHABLE_CODE = YES;
				CLANG_WARN__DUPLICATE_METHOD_MATCH = YES;
				COPY_PHASE_STRIP = NO;
				DEBUG_INFORMATION_FORMAT = "dwarf-with-dsym";
				ENABLE_NS_ASSERTIONS = NO;
				ENABLE_STRICT_OBJC_MSGSEND = YES;
				GCC_C_LANGUAGE_STANDARD = gnu11;
				GCC_NO_COMMON_BLOCKS = YES;
				GCC_WARN_64_TO_32_BIT_CONVERSION = YES;
				GCC_WARN_ABOUT_RETURN_TYPE = YES_ERROR;
				GCC_WARN_UNDECLARED_SELECTOR = YES;
				GCC_WARN_UNINITIALIZED_AUTOS = YES_AGGRESSIVE;
				GCC_WARN_UNUSED_FUNCTION = YES;
				GCC_WARN_UNUSED_VARIABLE = YES;
				IPHONEOS_DEPLOYMENT_TARGET = 13.5;
				MTL_ENABLE_DEBUG_INFO = NO;
				MTL_FAST_MATH = YES;
				SDKROOT = iphoneos;
				SWIFT_COMPILATION_MODE = wholemodule;
				SWIFT_OPTIMIZATION_LEVEL = "-O";
				VALIDATE_PRODUCT = YES;
			};
			name = Release;
		};
		1185C7F524B0B7F1006EF203 /* Debug */ = {
			isa = XCBuildConfiguration;
			buildSettings = {
				ASSETCATALOG_COMPILER_APPICON_NAME = AppIcon;
				CODE_SIGN_STYLE = Automatic;
				INFOPLIST_FILE = PermissionsSwift/Info.plist;
				IPHONEOS_DEPLOYMENT_TARGET = 10.0;
				LD_RUNPATH_SEARCH_PATHS = (
					"$(inherited)",
					"@executable_path/Frameworks",
				);
				PRODUCT_BUNDLE_IDENTIFIER = com.jay.PermissionsSwift;
				PRODUCT_NAME = "$(TARGET_NAME)";
				SWIFT_VERSION = 5.0;
				TARGETED_DEVICE_FAMILY = 1;
			};
			name = Debug;
		};
		1185C7F624B0B7F1006EF203 /* Release */ = {
			isa = XCBuildConfiguration;
			buildSettings = {
				ASSETCATALOG_COMPILER_APPICON_NAME = AppIcon;
				CODE_SIGN_STYLE = Automatic;
				INFOPLIST_FILE = PermissionsSwift/Info.plist;
				IPHONEOS_DEPLOYMENT_TARGET = 10.0;
				LD_RUNPATH_SEARCH_PATHS = (
					"$(inherited)",
					"@executable_path/Frameworks",
				);
				PRODUCT_BUNDLE_IDENTIFIER = com.jay.PermissionsSwift;
				PRODUCT_NAME = "$(TARGET_NAME)";
				SWIFT_VERSION = 5.0;
				TARGETED_DEVICE_FAMILY = 1;
			};
			name = Release;
		};
/* End XCBuildConfiguration section */

/* Begin XCConfigurationList section */
		1185C7DB24B0B7F0006EF203 /* Build configuration list for PBXProject "PermissionsSwift" */ = {
			isa = XCConfigurationList;
			buildConfigurations = (
				1185C7F224B0B7F1006EF203 /* Debug */,
				1185C7F324B0B7F1006EF203 /* Release */,
			);
			defaultConfigurationIsVisible = 0;
			defaultConfigurationName = Release;
		};
		1185C7F424B0B7F1006EF203 /* Build configuration list for PBXNativeTarget "PermissionsSwift" */ = {
			isa = XCConfigurationList;
			buildConfigurations = (
				1185C7F524B0B7F1006EF203 /* Debug */,
				1185C7F624B0B7F1006EF203 /* Release */,
			);
			defaultConfigurationIsVisible = 0;
			defaultConfigurationName = Release;
		};
/* End XCConfigurationList section */
	};
	rootObject = 1185C7D824B0B7F0006EF203 /* Project object */;
}
