// !$*UTF8*$!
{
	archiveVersion = 1;
	classes = {
	};
	objectVersion = 48;
	objects = {

/* Begin PBXBuildFile section */
		A71ACC3E1FE7B08B00BBC2E4 /* UIView+Sizes.m in Sources */ = {isa = PBXBuildFile; fileRef = A71ACC3C1FE7B08B00BBC2E4 /* UIView+Sizes.m */; };
		A7777CAC21426E3000DCF6CA /* FileUtil.m in Sources */ = {isa = PBXBuildFile; fileRef = A7777CAB21426E3000DCF6CA /* FileUtil.m */; };
		A78243AC1FB2A4FF000F06D1 /* AppDelegate.m in Sources */ = {isa = PBXBuildFile; fileRef = A78243AB1FB2A4FF000F06D1 /* AppDelegate.m */; };
		A78243B21FB2A4FF000F06D1 /* Main.storyboard in Resources */ = {isa = PBXBuildFile; fileRef = A78243B01FB2A4FF000F06D1 /* Main.storyboard */; };
		A78243B41FB2A4FF000F06D1 /* Assets.xcassets in Resources */ = {isa = PBXBuildFile; fileRef = A78243B31FB2A4FF000F06D1 /* Assets.xcassets */; };
		A78243B71FB2A4FF000F06D1 /* LaunchScreen.storyboard in Resources */ = {isa = PBXBuildFile; fileRef = A78243B51FB2A4FF000F06D1 /* LaunchScreen.storyboard */; };
		A78243BA1FB2A4FF000F06D1 /* main.m in Sources */ = {isa = PBXBuildFile; fileRef = A78243B91FB2A4FF000F06D1 /* main.m */; };
		A78243C31FB2A547000F06D1 /* CJXPermissionsManage.m in Sources */ = {isa = PBXBuildFile; fileRef = A78243C21FB2A547000F06D1 /* CJXPermissionsManage.m */; };
		A78243C61FB2A6BE000F06D1 /* PermissionsTableView.m in Sources */ = {isa = PBXBuildFile; fileRef = A78243C41FB2A6BE000F06D1 /* PermissionsTableView.m */; };
		A78243D01FB2A740000F06D1 /* AudioRecorderViewController.xib in Resources */ = {isa = PBXBuildFile; fileRef = A78243C71FB2A73E000F06D1 /* AudioRecorderViewController.xib */; };
		A78243D11FB2A740000F06D1 /* MapViewController.m in Sources */ = {isa = PBXBuildFile; fileRef = A78243C81FB2A73E000F06D1 /* MapViewController.m */; };
		A78243D21FB2A740000F06D1 /* MapViewController.xib in Resources */ = {isa = PBXBuildFile; fileRef = A78243C91FB2A73E000F06D1 /* MapViewController.xib */; };
		A78243D31FB2A740000F06D1 /* PhoneticRecognitionVC.xib in Resources */ = {isa = PBXBuildFile; fileRef = A78243CA1FB2A73F000F06D1 /* PhoneticRecognitionVC.xib */; };
		A78243D41FB2A740000F06D1 /* AudioRecorderViewController.m in Sources */ = {isa = PBXBuildFile; fileRef = A78243CB1FB2A73F000F06D1 /* AudioRecorderViewController.m */; };
		A78243D51FB2A740000F06D1 /* PhoneticRecognitionVC.m in Sources */ = {isa = PBXBuildFile; fileRef = A78243CC1FB2A73F000F06D1 /* PhoneticRecognitionVC.m */; };
		A78243D81FB2A778000F06D1 /* CLLocation+Sino.m in Sources */ = {isa = PBXBuildFile; fileRef = A78243D61FB2A778000F06D1 /* CLLocation+Sino.m */; };
		A78243DD1FB2A7D5000F06D1 /* CJXCamera.m in Sources */ = {isa = PBXBuildFile; fileRef = A78243DC1FB2A7D5000F06D1 /* CJXCamera.m */; };
		A78243E01FB2ACB5000F06D1 /* 录音.m4a in Resources */ = {isa = PBXBuildFile; fileRef = A78243DE1FB2ACB5000F06D1 /* 录音.m4a */; };
		A78243E11FB2ACB5000F06D1 /* 测试1.mp3 in Resources */ = {isa = PBXBuildFile; fileRef = A78243DF1FB2ACB5000F06D1 /* 测试1.mp3 */; };
		A78243E31FB2ACEC000F06D1 /* uget.png in Resources */ = {isa = PBXBuildFile; fileRef = A78243E21FB2ACEC000F06D1 /* uget.png */; };
		A78243E71FB2EC8E000F06D1 /* JXQRController.m in Sources */ = {isa = PBXBuildFile; fileRef = A78243E51FB2EC8E000F06D1 /* JXQRController.m */; };
		A78243E81FB2EC8E000F06D1 /* JXQRController.xib in Resources */ = {isa = PBXBuildFile; fileRef = A78243E61FB2EC8E000F06D1 /* JXQRController.xib */; };
/* End PBXBuildFile section */

/* Begin PBXFileReference section */
		A71ACC3C1FE7B08B00BBC2E4 /* UIView+Sizes.m */ = {isa = PBXFileReference; fileEncoding = 4; lastKnownFileType = sourcecode.c.objc; path = "UIView+Sizes.m"; sourceTree = "<group>"; };
		A71ACC3D1FE7B08B00BBC2E4 /* UIView+Sizes.h */ = {isa = PBXFileReference; fileEncoding = 4; lastKnownFileType = sourcecode.c.h; path = "UIView+Sizes.h"; sourceTree = "<group>"; };
		A7777CAA21426E3000DCF6CA /* FileUtil.h */ = {isa = PBXFileReference; lastKnownFileType = sourcecode.c.h; path = FileUtil.h; sourceTree = "<group>"; };
		A7777CAB21426E3000DCF6CA /* FileUtil.m */ = {isa = PBXFileReference; lastKnownFileType = sourcecode.c.objc; path = FileUtil.m; sourceTree = "<group>"; };
		A78243A71FB2A4FF000F06D1 /* JXManageDemo.app */ = {isa = PBXFileReference; explicitFileType = wrapper.application; includeInIndex = 0; path = JXManageDemo.app; sourceTree = BUILT_PRODUCTS_DIR; };
		A78243AA1FB2A4FF000F06D1 /* AppDelegate.h */ = {isa = PBXFileReference; lastKnownFileType = sourcecode.c.h; path = AppDelegate.h; sourceTree = "<group>"; };
		A78243AB1FB2A4FF000F06D1 /* AppDelegate.m */ = {isa = PBXFileReference; lastKnownFileType = sourcecode.c.objc; path = AppDelegate.m; sourceTree = "<group>"; };
		A78243B11FB2A4FF000F06D1 /* Base */ = {isa = PBXFileReference; lastKnownFileType = file.storyboard; name = Base; path = Base.lproj/Main.storyboard; sourceTree = "<group>"; };
		A78243B31FB2A4FF000F06D1 /* Assets.xcassets */ = {isa = PBXFileReference; lastKnownFileType = folder.assetcatalog; path = Assets.xcassets; sourceTree = "<group>"; };
		A78243B61FB2A4FF000F06D1 /* Base */ = {isa = PBXFileReference; lastKnownFileType = file.storyboard; name = Base; path = Base.lproj/LaunchScreen.storyboard; sourceTree = "<group>"; };
		A78243B81FB2A4FF000F06D1 /* Info.plist */ = {isa = PBXFileReference; lastKnownFileType = text.plist.xml; path = Info.plist; sourceTree = "<group>"; };
		A78243B91FB2A4FF000F06D1 /* main.m */ = {isa = PBXFileReference; lastKnownFileType = sourcecode.c.objc; path = main.m; sourceTree = "<group>"; };
		A78243C11FB2A547000F06D1 /* CJXPermissionsManage.h */ = {isa = PBXFileReference; fileEncoding = 4; lastKnownFileType = sourcecode.c.h; path = CJXPermissionsManage.h; sourceTree = "<group>"; };
		A78243C21FB2A547000F06D1 /* CJXPermissionsManage.m */ = {isa = PBXFileReference; fileEncoding = 4; lastKnownFileType = sourcecode.c.objc; path = CJXPermissionsManage.m; sourceTree = "<group>"; };
		A78243C41FB2A6BE000F06D1 /* PermissionsTableView.m */ = {isa = PBXFileReference; fileEncoding = 4; lastKnownFileType = sourcecode.c.objc; path = PermissionsTableView.m; sourceTree = "<group>"; };
		A78243C51FB2A6BE000F06D1 /* PermissionsTableView.h */ = {isa = PBXFileReference; fileEncoding = 4; lastKnownFileType = sourcecode.c.h; path = PermissionsTableView.h; sourceTree = "<group>"; };
		A78243C71FB2A73E000F06D1 /* AudioRecorderViewController.xib */ = {isa = PBXFileReference; fileEncoding = 4; lastKnownFileType = file.xib; path = AudioRecorderViewController.xib; sourceTree = "<group>"; };
		A78243C81FB2A73E000F06D1 /* MapViewController.m */ = {isa = PBXFileReference; fileEncoding = 4; lastKnownFileType = sourcecode.c.objc; path = MapViewController.m; sourceTree = "<group>"; };
		A78243C91FB2A73E000F06D1 /* MapViewController.xib */ = {isa = PBXFileReference; fileEncoding = 4; lastKnownFileType = file.xib; path = MapViewController.xib; sourceTree = "<group>"; };
		A78243CA1FB2A73F000F06D1 /* PhoneticRecognitionVC.xib */ = {isa = PBXFileReference; fileEncoding = 4; lastKnownFileType = file.xib; path = PhoneticRecognitionVC.xib; sourceTree = "<group>"; };
		A78243CB1FB2A73F000F06D1 /* AudioRecorderViewController.m */ = {isa = PBXFileReference; fileEncoding = 4; lastKnownFileType = sourcecode.c.objc; path = AudioRecorderViewController.m; sourceTree = "<group>"; };
		A78243CC1FB2A73F000F06D1 /* PhoneticRecognitionVC.m */ = {isa = PBXFileReference; fileEncoding = 4; lastKnownFileType = sourcecode.c.objc; path = PhoneticRecognitionVC.m; sourceTree = "<group>"; };
		A78243CD1FB2A73F000F06D1 /* AudioRecorderViewController.h */ = {isa = PBXFileReference; fileEncoding = 4; lastKnownFileType = sourcecode.c.h; path = AudioRecorderViewController.h; sourceTree = "<group>"; };
		A78243CE1FB2A73F000F06D1 /* MapViewController.h */ = {isa = PBXFileReference; fileEncoding = 4; lastKnownFileType = sourcecode.c.h; path = MapViewController.h; sourceTree = "<group>"; };
		A78243CF1FB2A73F000F06D1 /* PhoneticRecognitionVC.h */ = {isa = PBXFileReference; fileEncoding = 4; lastKnownFileType = sourcecode.c.h; path = PhoneticRecognitionVC.h; sourceTree = "<group>"; };
		A78243D61FB2A778000F06D1 /* CLLocation+Sino.m */ = {isa = PBXFileReference; fileEncoding = 4; lastKnownFileType = sourcecode.c.objc; path = "CLLocation+Sino.m"; sourceTree = "<group>"; };
		A78243D71FB2A778000F06D1 /* CLLocation+Sino.h */ = {isa = PBXFileReference; fileEncoding = 4; lastKnownFileType = sourcecode.c.h; path = "CLLocation+Sino.h"; sourceTree = "<group>"; };
		A78243DB1FB2A7D5000F06D1 /* CJXCamera.h */ = {isa = PBXFileReference; fileEncoding = 4; lastKnownFileType = sourcecode.c.h; path = CJXCamera.h; sourceTree = "<group>"; };
		A78243DC1FB2A7D5000F06D1 /* CJXCamera.m */ = {isa = PBXFileReference; fileEncoding = 4; lastKnownFileType = sourcecode.c.objc; path = CJXCamera.m; sourceTree = "<group>"; };
		A78243DE1FB2ACB5000F06D1 /* 录音.m4a */ = {isa = PBXFileReference; lastKnownFileType = file; path = "录音.m4a"; sourceTree = "<group>"; };
		A78243DF1FB2ACB5000F06D1 /* 测试1.mp3 */ = {isa = PBXFileReference; lastKnownFileType = audio.mp3; path = "测试1.mp3"; sourceTree = "<group>"; };
		A78243E21FB2ACEC000F06D1 /* uget.png */ = {isa = PBXFileReference; lastKnownFileType = image.png; path = uget.png; sourceTree = "<group>"; };
		A78243E41FB2EC8E000F06D1 /* JXQRController.h */ = {isa = PBXFileReference; fileEncoding = 4; lastKnownFileType = sourcecode.c.h; path = JXQRController.h; sourceTree = "<group>"; };
		A78243E51FB2EC8E000F06D1 /* JXQRController.m */ = {isa = PBXFileReference; fileEncoding = 4; lastKnownFileType = sourcecode.c.objc; path = JXQRController.m; sourceTree = "<group>"; };
		A78243E61FB2EC8E000F06D1 /* JXQRController.xib */ = {isa = PBXFileReference; fileEncoding = 4; lastKnownFileType = file.xib; path = JXQRController.xib; sourceTree = "<group>"; };
/* End PBXFileReference section */

/* Begin PBXFrameworksBuildPhase section */
		A78243A41FB2A4FF000F06D1 /* Frameworks */ = {
			isa = PBXFrameworksBuildPhase;
			buildActionMask = 2147483647;
			files = (
			);
			runOnlyForDeploymentPostprocessing = 0;
		};
/* End PBXFrameworksBuildPhase section */

/* Begin PBXGroup section */
		A71ACC3B1FE7B01200BBC2E4 /* Tools */ = {
			isa = PBXGroup;
			children = (
				A71ACC3D1FE7B08B00BBC2E4 /* UIView+Sizes.h */,
				A71ACC3C1FE7B08B00BBC2E4 /* UIView+Sizes.m */,
				A78243D71FB2A778000F06D1 /* CLLocation+Sino.h */,
				A78243D61FB2A778000F06D1 /* CLLocation+Sino.m */,
				A7777CAA21426E3000DCF6CA /* FileUtil.h */,
				A7777CAB21426E3000DCF6CA /* FileUtil.m */,
			);
			path = Tools;
			sourceTree = "<group>";
		};
		A782439E1FB2A4FF000F06D1 = {
			isa = PBXGroup;
			children = (
				A78243A91FB2A4FF000F06D1 /* JXManageDemo */,
				A78243A81FB2A4FF000F06D1 /* Products */,
			);
			sourceTree = "<group>";
		};
		A78243A81FB2A4FF000F06D1 /* Products */ = {
			isa = PBXGroup;
			children = (
				A78243A71FB2A4FF000F06D1 /* JXManageDemo.app */,
			);
			name = Products;
			sourceTree = "<group>";
		};
		A78243A91FB2A4FF000F06D1 /* JXManageDemo */ = {
			isa = PBXGroup;
			children = (
				A71ACC3B1FE7B01200BBC2E4 /* Tools */,
				A78243DA1FB2A7BF000F06D1 /* View */,
				A78243D91FB2A79D000F06D1 /* Controller */,
				A78243C01FB2A507000F06D1 /* CJXPermissionsManage */,
				A78243AA1FB2A4FF000F06D1 /* AppDelegate.h */,
				A78243AB1FB2A4FF000F06D1 /* AppDelegate.m */,
				A78243C51FB2A6BE000F06D1 /* PermissionsTableView.h */,
				A78243C41FB2A6BE000F06D1 /* PermissionsTableView.m */,
				A78243B01FB2A4FF000F06D1 /* Main.storyboard */,
				A78243DF1FB2ACB5000F06D1 /* 测试1.mp3 */,
				A78243DE1FB2ACB5000F06D1 /* 录音.m4a */,
				A78243B31FB2A4FF000F06D1 /* Assets.xcassets */,
				A78243B51FB2A4FF000F06D1 /* LaunchScreen.storyboard */,
				A78243E21FB2ACEC000F06D1 /* uget.png */,
				A78243B81FB2A4FF000F06D1 /* Info.plist */,
				A78243B91FB2A4FF000F06D1 /* main.m */,
			);
			path = JXManageDemo;
			sourceTree = "<group>";
		};
		A78243C01FB2A507000F06D1 /* CJXPermissionsManage */ = {
			isa = PBXGroup;
			children = (
				A78243C11FB2A547000F06D1 /* CJXPermissionsManage.h */,
				A78243C21FB2A547000F06D1 /* CJXPermissionsManage.m */,
			);
			path = CJXPermissionsManage;
			sourceTree = "<group>";
		};
		A78243D91FB2A79D000F06D1 /* Controller */ = {
			isa = PBXGroup;
			children = (
				A78243E41FB2EC8E000F06D1 /* JXQRController.h */,
				A78243E51FB2EC8E000F06D1 /* JXQRController.m */,
				A78243E61FB2EC8E000F06D1 /* JXQRController.xib */,
				A78243CD1FB2A73F000F06D1 /* AudioRecorderViewController.h */,
				A78243CB1FB2A73F000F06D1 /* AudioRecorderViewController.m */,
				A78243C71FB2A73E000F06D1 /* AudioRecorderViewController.xib */,
				A78243CE1FB2A73F000F06D1 /* MapViewController.h */,
				A78243C81FB2A73E000F06D1 /* MapViewController.m */,
				A78243C91FB2A73E000F06D1 /* MapViewController.xib */,
				A78243CF1FB2A73F000F06D1 /* PhoneticRecognitionVC.h */,
				A78243CC1FB2A73F000F06D1 /* PhoneticRecognitionVC.m */,
				A78243CA1FB2A73F000F06D1 /* PhoneticRecognitionVC.xib */,
			);
			path = Controller;
			sourceTree = "<group>";
		};
		A78243DA1FB2A7BF000F06D1 /* View */ = {
			isa = PBXGroup;
			children = (
				A78243DB1FB2A7D5000F06D1 /* CJXCamera.h */,
				A78243DC1FB2A7D5000F06D1 /* CJXCamera.m */,
			);
			path = View;
			sourceTree = "<group>";
		};
/* End PBXGroup section */

/* Begin PBXNativeTarget section */
		A78243A61FB2A4FF000F06D1 /* JXManageDemo */ = {
			isa = PBXNativeTarget;
			buildConfigurationList = A78243BD1FB2A4FF000F06D1 /* Build configuration list for PBXNativeTarget "JXManageDemo" */;
			buildPhases = (
				A78243A31FB2A4FF000F06D1 /* Sources */,
				A78243A41FB2A4FF000F06D1 /* Frameworks */,
				A78243A51FB2A4FF000F06D1 /* Resources */,
			);
			buildRules = (
			);
			dependencies = (
			);
			name = JXManageDemo;
			productName = JXManageDemo;
			productReference = A78243A71FB2A4FF000F06D1 /* JXManageDemo.app */;
			productType = "com.apple.product-type.application";
		};
/* End PBXNativeTarget section */

/* Begin PBXProject section */
		A782439F1FB2A4FF000F06D1 /* Project object */ = {
			isa = PBXProject;
			attributes = {
				LastUpgradeCheck = 0940;
				ORGANIZATIONNAME = "hyd-cjx";
				TargetAttributes = {
					A78243A61FB2A4FF000F06D1 = {
						CreatedOnToolsVersion = 9.1;
						ProvisioningStyle = Automatic;
						SystemCapabilities = {
							com.apple.BackgroundModes = {
								enabled = 0;
							};
						};
					};
				};
			};
			buildConfigurationList = A78243A21FB2A4FF000F06D1 /* Build configuration list for PBXProject "JXManageDemo" */;
			compatibilityVersion = "Xcode 8.0";
			developmentRegion = en;
			hasScannedForEncodings = 0;
			knownRegions = (
				en,
				Base,
			);
			mainGroup = A782439E1FB2A4FF000F06D1;
			productRefGroup = A78243A81FB2A4FF000F06D1 /* Products */;
			projectDirPath = "";
			projectRoot = "";
			targets = (
				A78243A61FB2A4FF000F06D1 /* JXManageDemo */,
			);
		};
/* End PBXProject section */

/* Begin PBXResourcesBuildPhase section */
		A78243A51FB2A4FF000F06D1 /* Resources */ = {
			isa = PBXResourcesBuildPhase;
			buildActionMask = 2147483647;
			files = (
				A78243B71FB2A4FF000F06D1 /* LaunchScreen.storyboard in Resources */,
				A78243B41FB2A4FF000F06D1 /* Assets.xcassets in Resources */,
				A78243E31FB2ACEC000F06D1 /* uget.png in Resources */,
				A78243D31FB2A740000F06D1 /* PhoneticRecognitionVC.xib in Resources */,
				A78243E01FB2ACB5000F06D1 /* 录音.m4a in Resources */,
				A78243B21FB2A4FF000F06D1 /* Main.storyboard in Resources */,
				A78243D21FB2A740000F06D1 /* MapViewController.xib in Resources */,
				A78243E11FB2ACB5000F06D1 /* 测试1.mp3 in Resources */,
				A78243E81FB2EC8E000F06D1 /* JXQRController.xib in Resources */,
				A78243D01FB2A740000F06D1 /* AudioRecorderViewController.xib in Resources */,
			);
			runOnlyForDeploymentPostprocessing = 0;
		};
/* End PBXResourcesBuildPhase section */

/* Begin PBXSourcesBuildPhase section */
		A78243A31FB2A4FF000F06D1 /* Sources */ = {
			isa = PBXSourcesBuildPhase;
			buildActionMask = 2147483647;
			files = (
				A78243D81FB2A778000F06D1 /* CLLocation+Sino.m in Sources */,
				A78243C61FB2A6BE000F06D1 /* PermissionsTableView.m in Sources */,
				A78243BA1FB2A4FF000F06D1 /* main.m in Sources */,
				A7777CAC21426E3000DCF6CA /* FileUtil.m in Sources */,
				A78243DD1FB2A7D5000F06D1 /* CJXCamera.m in Sources */,
				A71ACC3E1FE7B08B00BBC2E4 /* UIView+Sizes.m in Sources */,
				A78243D41FB2A740000F06D1 /* AudioRecorderViewController.m in Sources */,
				A78243D11FB2A740000F06D1 /* MapViewController.m in Sources */,
				A78243E71FB2EC8E000F06D1 /* JXQRController.m in Sources */,
				A78243AC1FB2A4FF000F06D1 /* AppDelegate.m in Sources */,
				A78243D51FB2A740000F06D1 /* PhoneticRecognitionVC.m in Sources */,
				A78243C31FB2A547000F06D1 /* CJXPermissionsManage.m in Sources */,
			);
			runOnlyForDeploymentPostprocessing = 0;
		};
/* End PBXSourcesBuildPhase section */

/* Begin PBXVariantGroup section */
		A78243B01FB2A4FF000F06D1 /* Main.storyboard */ = {
			isa = PBXVariantGroup;
			children = (
				A78243B11FB2A4FF000F06D1 /* Base */,
			);
			name = Main.storyboard;
			sourceTree = "<group>";
		};
		A78243B51FB2A4FF000F06D1 /* LaunchScreen.storyboard */ = {
			isa = PBXVariantGroup;
			children = (
				A78243B61FB2A4FF000F06D1 /* Base */,
			);
			name = LaunchScreen.storyboard;
			sourceTree = "<group>";
		};
/* End PBXVariantGroup section */

/* Begin XCBuildConfiguration section */
		A78243BB1FB2A4FF000F06D1 /* Debug */ = {
			isa = XCBuildConfiguration;
			buildSettings = {
				ALWAYS_SEARCH_USER_PATHS = NO;
				CLANG_ANALYZER_NONNULL = YES;
				CLANG_ANALYZER_NUMBER_OBJECT_CONVERSION = YES_AGGRESSIVE;
				CLANG_CXX_LANGUAGE_STANDARD = "gnu++14";
				CLANG_CXX_LIBRARY = "libc++";
				CLANG_ENABLE_MODULES = YES;
				CLANG_ENABLE_OBJC_ARC = YES;
				CLANG_WARN_BLOCK_CAPTURE_AUTORELEASING = YES;
				CLANG_WARN_BOOL_CONVERSION = YES;
				CLANG_WARN_COMMA = YES;
				CLANG_WARN_CONSTANT_CONVERSION = YES;
				CLANG_WARN_DEPRECATED_OBJC_IMPLEMENTATIONS = YES;
				CLANG_WARN_DIRECT_OBJC_ISA_USAGE = YES_ERROR;
				CLANG_WARN_DOCUMENTATION_COMMENTS = YES;
				CLANG_WARN_EMPTY_BODY = YES;
				CLANG_WARN_ENUM_CONVERSION = YES;
				CLANG_WARN_INFINITE_RECURSION = YES;
				CLANG_WARN_INT_CONVERSION = YES;
				CLANG_WARN_NON_LITERAL_NULL_CONVERSION = YES;
				CLANG_WARN_OBJC_IMPLICIT_RETAIN_SELF = YES;
				CLANG_WARN_OBJC_LITERAL_CONVERSION = YES;
				CLANG_WARN_OBJC_ROOT_CLASS = YES_ERROR;
				CLANG_WARN_RANGE_LOOP_ANALYSIS = YES;
				CLANG_WARN_STRICT_PROTOTYPES = YES;
				CLANG_WARN_SUSPICIOUS_MOVE = YES;
				CLANG_WARN_UNGUARDED_AVAILABILITY = YES_AGGRESSIVE;
				CLANG_WARN_UNREACHABLE_CODE = YES;
				CLANG_WARN__DUPLICATE_METHOD_MATCH = YES;
				CODE_SIGN_IDENTITY = "iPhone Developer";
				COPY_PHASE_STRIP = NO;
				DEBUG_INFORMATION_FORMAT = dwarf;
				ENABLE_STRICT_OBJC_MSGSEND = YES;
				ENABLE_TESTABILITY = YES;
				GCC_C_LANGUAGE_STANDARD = gnu11;
				GCC_DYNAMIC_NO_PIC = NO;
				GCC_NO_COMMON_BLOCKS = YES;
				GCC_OPTIMIZATION_LEVEL = 0;
				GCC_PREPROCESSOR_DEFINITIONS = (
					"DEBUG=1",
					"$(inherited)",
				);
				GCC_WARN_64_TO_32_BIT_CONVERSION = YES;
				GCC_WARN_ABOUT_RETURN_TYPE = YES_ERROR;
				GCC_WARN_UNDECLARED_SELECTOR = YES;
				GCC_WARN_UNINITIALIZED_AUTOS = YES_AGGRESSIVE;
				GCC_WARN_UNUSED_FUNCTION = YES;
				GCC_WARN_UNUSED_VARIABLE = YES;
				IPHONEOS_DEPLOYMENT_TARGET = 11.1;
				MTL_ENABLE_DEBUG_INFO = YES;
				ONLY_ACTIVE_ARCH = YES;
				SDKROOT = iphoneos;
			};
			name = Debug;
		};
		A78243BC1FB2A4FF000F06D1 /* Release */ = {
			isa = XCBuildConfiguration;
			buildSettings = {
				ALWAYS_SEARCH_USER_PATHS = NO;
				CLANG_ANALYZER_NONNULL = YES;
				CLANG_ANALYZER_NUMBER_OBJECT_CONVERSION = YES_AGGRESSIVE;
				CLANG_CXX_LANGUAGE_STANDARD = "gnu++14";
				CLANG_CXX_LIBRARY = "libc++";
				CLANG_ENABLE_MODULES = YES;
				CLANG_ENABLE_OBJC_ARC = YES;
				CLANG_WARN_BLOCK_CAPTURE_AUTORELEASING = YES;
				CLANG_WARN_BOOL_CONVERSION = YES;
				CLANG_WARN_COMMA = YES;
				CLANG_WARN_CONSTANT_CONVERSION = YES;
				CLANG_WARN_DEPRECATED_OBJC_IMPLEMENTATIONS = YES;
				CLANG_WARN_DIRECT_OBJC_ISA_USAGE = YES_ERROR;
				CLANG_WARN_DOCUMENTATION_COMMENTS = YES;
				CLANG_WARN_EMPTY_BODY = YES;
				CLANG_WARN_ENUM_CONVERSION = YES;
				CLANG_WARN_INFINITE_RECURSION = YES;
				CLANG_WARN_INT_CONVERSION = YES;
				CLANG_WARN_NON_LITERAL_NULL_CONVERSION = YES;
				CLANG_WARN_OBJC_IMPLICIT_RETAIN_SELF = YES;
				CLANG_WARN_OBJC_LITERAL_CONVERSION = YES;
				CLANG_WARN_OBJC_ROOT_CLASS = YES_ERROR;
				CLANG_WARN_RANGE_LOOP_ANALYSIS = YES;
				CLANG_WARN_STRICT_PROTOTYPES = YES;
				CLANG_WARN_SUSPICIOUS_MOVE = YES;
				CLANG_WARN_UNGUARDED_AVAILABILITY = YES_AGGRESSIVE;
				CLANG_WARN_UNREACHABLE_CODE = YES;
				CLANG_WARN__DUPLICATE_METHOD_MATCH = YES;
				CODE_SIGN_IDENTITY = "iPhone Developer";
				COPY_PHASE_STRIP = NO;
				DEBUG_INFORMATION_FORMAT = "dwarf-with-dsym";
				ENABLE_NS_ASSERTIONS = NO;
				ENABLE_STRICT_OBJC_MSGSEND = YES;
				GCC_C_LANGUAGE_STANDARD = gnu11;
				GCC_NO_COMMON_BLOCKS = YES;
				GCC_WARN_64_TO_32_BIT_CONVERSION = YES;
				GCC_WARN_ABOUT_RETURN_TYPE = YES_ERROR;
				GCC_WARN_UNDECLARED_SELECTOR = YES;
				GCC_WARN_UNINITIALIZED_AUTOS = YES_AGGRESSIVE;
				GCC_WARN_UNUSED_FUNCTION = YES;
				GCC_WARN_UNUSED_VARIABLE = YES;
				IPHONEOS_DEPLOYMENT_TARGET = 11.1;
				MTL_ENABLE_DEBUG_INFO = NO;
				SDKROOT = iphoneos;
				VALIDATE_PRODUCT = YES;
			};
			name = Release;
		};
		A78243BE1FB2A4FF000F06D1 /* Debug */ = {
			isa = XCBuildConfiguration;
			buildSettings = {
				ASSETCATALOG_COMPILER_APPICON_NAME = AppIcon;
				CODE_SIGN_STYLE = Automatic;
				DEVELOPMENT_TEAM = H89E4B6ACW;
				INFOPLIST_FILE = JXManageDemo/Info.plist;
				IPHONEOS_DEPLOYMENT_TARGET = 9.0;
				LD_RUNPATH_SEARCH_PATHS = "$(inherited) @executable_path/Frameworks";
				PRODUCT_BUNDLE_IDENTIFIER = com.xiang.jay.JXManageDemo;
				PRODUCT_NAME = "$(TARGET_NAME)";
				TARGETED_DEVICE_FAMILY = 1;
			};
			name = Debug;
		};
		A78243BF1FB2A4FF000F06D1 /* Release */ = {
			isa = XCBuildConfiguration;
			buildSettings = {
				ASSETCATALOG_COMPILER_APPICON_NAME = AppIcon;
				CODE_SIGN_STYLE = Automatic;
				DEVELOPMENT_TEAM = H89E4B6ACW;
				INFOPLIST_FILE = JXManageDemo/Info.plist;
				IPHONEOS_DEPLOYMENT_TARGET = 9.0;
				LD_RUNPATH_SEARCH_PATHS = "$(inherited) @executable_path/Frameworks";
				PRODUCT_BUNDLE_IDENTIFIER = com.xiang.jay.JXManageDemo;
				PRODUCT_NAME = "$(TARGET_NAME)";
				TARGETED_DEVICE_FAMILY = 1;
			};
			name = Release;
		};
/* End XCBuildConfiguration section */

/* Begin XCConfigurationList section */
		A78243A21FB2A4FF000F06D1 /* Build configuration list for PBXProject "JXManageDemo" */ = {
			isa = XCConfigurationList;
			buildConfigurations = (
				A78243BB1FB2A4FF000F06D1 /* Debug */,
				A78243BC1FB2A4FF000F06D1 /* Release */,
			);
			defaultConfigurationIsVisible = 0;
			defaultConfigurationName = Release;
		};
		A78243BD1FB2A4FF000F06D1 /* Build configuration list for PBXNativeTarget "JXManageDemo" */ = {
			isa = XCConfigurationList;
			buildConfigurations = (
				A78243BE1FB2A4FF000F06D1 /* Debug */,
				A78243BF1FB2A4FF000F06D1 /* Release */,
			);
			defaultConfigurationIsVisible = 0;
			defaultConfigurationName = Release;
		};
/* End XCConfigurationList section */
	};
	rootObject = A782439F1FB2A4FF000F06D1 /* Project object */;
}
